
Microsoft Visual Studio Solution File, Format Version 12.00
# Visual Studio Version 16
VisualStudioVersion = 16.0.30413.136
MinimumVisualStudioVersion = 10.0.40219.1
Project("{FAE04EC0-301F-11D3-BF4B-00C04F79EFBC}") = "Uchetnik", "Uchetnik\Uchetnik.csproj", "{4BAB9E8A-7DEB-4F16-A381-0839126E055E}"
EndProject
Global
	GlobalSection(SolutionConfigurationPlatforms) = preSolution
		Debug|Any CPU = Debug|Any CPU
		Release|Any CPU = Release|Any CPU
	EndGlobalSection
	GlobalSection(ProjectConfigurationPlatforms) = postSolution
		{4BAB9E8A-7DEB-4F16-A381-0839126E055E}.Debug|Any CPU.ActiveCfg = Debug|Any CPU
		{4BAB9E8A-7DEB-4F16-A381-0839126E055E}.Debug|Any CPU.Build.0 = Debug|Any CPU
		{4BAB9E8A-7DEB-4F16-A381-0839126E055E}.Release|Any CPU.ActiveCfg = Release|Any CPU
		{4BAB9E8A-7DEB-4F16-A381-0839126E055E}.Release|Any CPU.Build.0 = Release|Any CPU
	EndGlobalSection
	GlobalSection(SolutionProperties) = preSolution
		HideSolutionNode = FALSE
	EndGlobalSection
	GlobalSection(ExtensibilityGlobals) = postSolution
		SolutionGuid = {1A7F19A5-953E-4B87-8EFB-2A2B63B27B98}
	EndGlobalSection
EndGlobal
